
Microsoft Visual Studio Solution File, Format Version 12.00
# Visual Studio Version 16
VisualStudioVersion = 16.0.31321.278
MinimumVisualStudioVersion = 10.0.40219.1
Project("{9A19103F-16F7-4668-BE54-9A1E7A4F7556}") = "WebServerFromCourses", "WebServerFromCourses\WebServerFromCourses.csproj", "{3155E01B-0AC4-465B-B5BC-38E2601FF9F1}"
EndProject
Project("{FAE04EC0-301F-11D3-BF4B-00C04F79EFBC}") = "MyServer", "MyServer\MyServer.csproj", "{5AF6AAC2-BDAE-4AE1-A853-D0C88FBCB881}"
EndProject
Global
	GlobalSection(SolutionConfigurationPlatforms) = preSolution
		Debug|Any CPU = Debug|Any CPU
		Release|Any CPU = Release|Any CPU
	EndGlobalSection
	GlobalSection(ProjectConfigurationPlatforms) = postSolution
		{3155E01B-0AC4-465B-B5BC-38E2601FF9F1}.Debug|Any CPU.ActiveCfg = Debug|Any CPU
		{3155E01B-0AC4-465B-B5BC-38E2601FF9F1}.Debug|Any CPU.Build.0 = Debug|Any CPU
		{3155E01B-0AC4-465B-B5BC-38E2601FF9F1}.Release|Any CPU.ActiveCfg = Release|Any CPU
		{3155E01B-0AC4-465B-B5BC-38E2601FF9F1}.Release|Any CPU.Build.0 = Release|Any CPU
		{5AF6AAC2-BDAE-4AE1-A853-D0C88FBCB881}.Debug|Any CPU.ActiveCfg = Debug|Any CPU
		{5AF6AAC2-BDAE-4AE1-A853-D0C88FBCB881}.Debug|Any CPU.Build.0 = Debug|Any CPU
		{5AF6AAC2-BDAE-4AE1-A853-D0C88FBCB881}.Release|Any CPU.ActiveCfg = Release|Any CPU
		{5AF6AAC2-BDAE-4AE1-A853-D0C88FBCB881}.Release|Any CPU.Build.0 = Release|Any CPU
	EndGlobalSection
	GlobalSection(SolutionProperties) = preSolution
		HideSolutionNode = FALSE
	EndGlobalSection
	GlobalSection(ExtensibilityGlobals) = postSolution
		SolutionGuid = {101FD6D5-0A8C-4D1F-83DA-2866379C0444}
	EndGlobalSection
EndGlobal
